{
    "_readme": [
        "This file locks the dependencies of your project to a known state",
        "Read more about it at https://getcomposer.org/doc/01-basic-usage.md#composer-lock-the-lock-file",
        "This file is @generated automatically"
    ],
    "content-hash": "8f6bb3113c8e7bcb1d73bb02505585ed",
    "packages": [
        {
            "name": "mpdf/mpdf",
            "version": "v6.0.0",
            "source": {
                "type": "git",
                "url": "https://github.com/mpdf/mpdf.git",
                "reference": "a15743d030ce3b5b7be36c6e83f76589b27c3f2c"
            },
            "dist": {
                "type": "zip",
                "url": "https://api.github.com/repos/mpdf/mpdf/zipball/a15743d030ce3b5b7be36c6e83f76589b27c3f2c",
                "reference": "a15743d030ce3b5b7be36c6e83f76589b27c3f2c",
                "shasum": ""
            },
            "require": {
                "ext-mbstring": "*",
                "php": ">=4.3.10"
            },
            "type": "library",
            "autoload": {
                "classmap": [
                    "mpdf.php",
                    "classes"
                ]
            },
            "notification-url": "https://packagist.org/downloads/",
            "license": [
                "GPL-1.0+"
            ],
            "authors": [
                {
                    "name": "Ian Back"
                }
            ],
            "description": "A PHP class to generate PDF files from HTML with Unicode/UTF-8 and CJK support",
            "homepage": "http://www.mpdf1.com/mpdf/index.php",
            "keywords": [
                "pdf",
                "php",
                "utf-8"
            ],
            "time": "2015-03-01T10:27:49+00:00"
        },
        {
            "name": "samchristy/piechart",
            "version": "v2.0.1",
            "source": {
                "type": "git",
                "url": "https://github.com/SamChristy/PieChart.git",
                "reference": "e9010a82d2e6086dc58eacd68a35c8b83249b497"
            },
            "dist": {
                "type": "zip",
                "url": "https://api.github.com/repos/SamChristy/PieChart/zipball/e9010a82d2e6086dc58eacd68a35c8b83249b497",
                "reference": "e9010a82d2e6086dc58eacd68a35c8b83249b497",
                "shasum": ""
            },
            "require": {
                "php": ">=5.3.0"
            },
            "type": "library",
            "autoload": {
                "psr-0": {
                    "SamChristy\\PieChart\\": "src/"
                }
            },
            "notification-url": "https://packagist.org/downloads/",
            "license": [
                "GPL-2.0+"
            ],
            "authors": [
                {
                    "name": "Sam Christy",
                    "email": "sam_christy@hotmail.co.uk",
                    "homepage": "https://github.com/SamChristy"
                }
            ],
            "description": "A simple class for drawing pie charts with ImageMagick or GD in PHP.",
            "homepage": "https://github.com/SamChristy/PieChart",
            "keywords": [
                "chart",
                "graphics",
                "pie"
            ],
            "time": "2014-01-25T22:44:04+00:00"
        }
    ],
    "packages-dev": [],
    "aliases": [],
    "minimum-stability": "stable",
    "stability-flags": [],
    "prefer-stable": false,
    "prefer-lowest": false,
    "platform": [],
    "platform-dev": []
}
